<?xml version="1.0" encoding="utf-8"?>
<Project ToolsVersion="4.0" xmlns="http://schemas.microsoft.com/developer/msbuild/2003">
  <ItemGroup>
    <ClCompile Include="src\ofApp.cpp">
      <Filter>src</Filter>
    </ClCompile>
    <ClCompile Include="src\main.cpp">
      <Filter>src</Filter>
    </ClCompile>
    <ClCompile Include="src\main.cpp">
      <Filter>src</Filter>
    </ClCompile>
    <ClCompile Include="src\ofApp.cpp">
      <Filter>src</Filter>
    </ClCompile>
    <ClCompile Include="..\..\..\addons\ofxGui\src\ofxBaseGui.cpp">
      <Filter>addons\ofxGui\src</Filter>
    </ClCompile>
    <ClCompile Include="..\..\..\addons\ofxGui\src\ofxButton.cpp">
      <Filter>addons\ofxGui\src</Filter>
    </ClCompile>
    <ClCompile Include="..\..\..\addons\ofxGui\src\ofxColorPicker.cpp">
      <Filter>addons\ofxGui\src</Filter>
    </ClCompile>
    <ClCompile Include="..\..\..\addons\ofxGui\src\ofxGuiGroup.cpp">
      <Filter>addons\ofxGui\src</Filter>
    </ClCompile>
    <ClCompile Include="..\..\..\addons\ofxGui\src\ofxInputField.cpp">
      <Filter>addons\ofxGui\src</Filter>
    </ClCompile>
    <ClCompile Include="..\..\..\addons\ofxGui\src\ofxLabel.cpp">
      <Filter>addons\ofxGui\src</Filter>
    </ClCompile>
    <ClCompile Include="..\..\..\addons\ofxGui\src\ofxPanel.cpp">
      <Filter>addons\ofxGui\src</Filter>
    </ClCompile>
    <ClCompile Include="..\..\..\addons\ofxGui\src\ofxSlider.cpp">
      <Filter>addons\ofxGui\src</Filter>
    </ClCompile>
    <ClCompile Include="..\..\..\addons\ofxGui\src\ofxSliderGroup.cpp">
      <Filter>addons\ofxGui\src</Filter>
    </ClCompile>
    <ClCompile Include="..\..\..\addons\ofxGui\src\ofxToggle.cpp">
      <Filter>addons\ofxGui\src</Filter>
    </ClCompile>
    <ClCompile Include="..\..\..\addons\ofxImGui-master\src\BaseEngine.cpp">
      <Filter>addons\ofxImGui-master\src</Filter>
    </ClCompile>
    <ClCompile Include="..\..\..\addons\ofxImGui-master\src\DefaultTheme.cpp">
      <Filter>addons\ofxImGui-master\src</Filter>
    </ClCompile>
    <ClCompile Include="..\..\..\addons\ofxImGui-master\src\EngineGLFW.cpp">
      <Filter>addons\ofxImGui-master\src</Filter>
    </ClCompile>
    <ClCompile Include="..\..\..\addons\ofxImGui-master\src\EngineOpenGLES.cpp">
      <Filter>addons\ofxImGui-master\src</Filter>
    </ClCompile>
    <ClCompile Include="..\..\..\addons\ofxImGui-master\src\EngineVk.cpp">
      <Filter>addons\ofxImGui-master\src</Filter>
    </ClCompile>
    <ClCompile Include="..\..\..\addons\ofxImGui-master\src\Gui.cpp">
      <Filter>addons\ofxImGui-master\src</Filter>
    </ClCompile>
    <ClCompile Include="..\..\..\addons\ofxImGui-master\src\ImHelpers.cpp">
      <Filter>addons\ofxImGui-master\src</Filter>
    </ClCompile>
    <ClCompile Include="..\..\..\addons\ofxImGui-master\src\ofxImGuiLoggerChannel.cpp">
      <Filter>addons\ofxImGui-master\src</Filter>
    </ClCompile>
    <ClCompile Include="..\..\..\addons\ofxImGui-master\libs\imgui\src\imgui.cpp">
      <Filter>addons\ofxImGui-master\libs\imgui\src</Filter>
    </ClCompile>
    <ClCompile Include="..\..\..\addons\ofxImGui-master\libs\imgui\src\imgui_demo.cpp">
      <Filter>addons\ofxImGui-master\libs\imgui\src</Filter>
    </ClCompile>
    <ClCompile Include="..\..\..\addons\ofxImGui-master\libs\imgui\src\imgui_draw.cpp">
      <Filter>addons\ofxImGui-master\libs\imgui\src</Filter>
    </ClCompile>
    <ClCompile Include="..\..\..\addons\ofxImGui-master\libs\imgui\src\imgui_widgets.cpp">
      <Filter>addons\ofxImGui-master\libs\imgui\src</Filter>
    </ClCompile>
    <ClCompile Include="..\..\..\addons\ofxSpout2-master\src\ofxSpout2Receiver.cpp">
      <Filter>addons\ofxSpout2-master\src</Filter>
    </ClCompile>
    <ClCompile Include="..\..\..\addons\ofxSpout2-master\src\ofxSpout2Sender.cpp">
      <Filter>addons\ofxSpout2-master\src</Filter>
    </ClCompile>
    <ClCompile Include="..\..\..\addons\ofxSpout2-master\libs\src\SpoutDirectX.cpp">
      <Filter>addons\ofxSpout2-master\libs\src</Filter>
    </ClCompile>
    <ClCompile Include="..\..\..\addons\ofxSpout2-master\libs\src\SpoutGLDXinterop.cpp">
      <Filter>addons\ofxSpout2-master\libs\src</Filter>
    </ClCompile>
    <ClCompile Include="..\..\..\addons\ofxSpout2-master\libs\src\SpoutGLextensions.cpp">
      <Filter>addons\ofxSpout2-master\libs\src</Filter>
    </ClCompile>
    <ClCompile Include="..\..\..\addons\ofxSpout2-master\libs\src\SpoutMemoryShare.cpp">
      <Filter>addons\ofxSpout2-master\libs\src</Filter>
    </ClCompile>
    <ClCompile Include="..\..\..\addons\ofxSpout2-master\libs\src\SpoutReceiver.cpp">
      <Filter>addons\ofxSpout2-master\libs\src</Filter>
    </ClCompile>
    <ClCompile Include="..\..\..\addons\ofxSpout2-master\libs\src\SpoutSDK.cpp">
      <Filter>addons\ofxSpout2-master\libs\src</Filter>
    </ClCompile>
    <ClCompile Include="..\..\..\addons\ofxSpout2-master\libs\src\SpoutSender.cpp">
      <Filter>addons\ofxSpout2-master\libs\src</Filter>
    </ClCompile>
    <ClCompile Include="..\..\..\addons\ofxSpout2-master\libs\src\SpoutSenderNames.cpp">
      <Filter>addons\ofxSpout2-master\libs\src</Filter>
    </ClCompile>
    <ClCompile Include="..\..\..\addons\ofxSpout2-master\libs\src\SpoutSharedMemory.cpp">
      <Filter>addons\ofxSpout2-master\libs\src</Filter>
    </ClCompile>
    <ClCompile Include="..\..\..\addons\ofxXmlSettings\src\ofxXmlSettings.cpp">
      <Filter>addons\ofxXmlSettings\src</Filter>
    </ClCompile>
    <ClCompile Include="..\..\..\addons\ofxXmlSettings\libs\tinyxml.cpp">
      <Filter>addons\ofxXmlSettings\libs</Filter>
    </ClCompile>
    <ClCompile Include="..\..\..\addons\ofxXmlSettings\libs\tinyxmlerror.cpp">
      <Filter>addons\ofxXmlSettings\libs</Filter>
    </ClCompile>
    <ClCompile Include="..\..\..\addons\ofxXmlSettings\libs\tinyxmlparser.cpp">
      <Filter>addons\ofxXmlSettings\libs</Filter>
    </ClCompile>
  </ItemGroup>
  <ItemGroup>
    <Filter Include="src">
      <UniqueIdentifier>{d8376475-7454-4a24-b08a-aac121d3ad6f}</UniqueIdentifier>
    </Filter>
    <Filter Include="addons">
      <UniqueIdentifier>{71834F65-F3A9-211E-73B8-DC85}</UniqueIdentifier>
    </Filter>
    <Filter Include="addons\ofxGui">
      <UniqueIdentifier>{4F2A59AF-5F4E-704B-D067-EC13}</UniqueIdentifier>
    </Filter>
    <Filter Include="addons\ofxGui\src">
      <UniqueIdentifier>{645E9533-4DCD-6179-1CDF-CB65}</UniqueIdentifier>
    </Filter>
    <Filter Include="addons\ofxImGui-master">
      <UniqueIdentifier>{2B8F04E4-F73A-7D4E-036C-3BC0}</UniqueIdentifier>
    </Filter>
    <Filter Include="addons\ofxImGui-master\src">
      <UniqueIdentifier>{3E49D808-09FB-B55D-1E1B-A8FA}</UniqueIdentifier>
    </Filter>
    <Filter Include="addons\ofxImGui-master\libs">
      <UniqueIdentifier>{42D22160-9A4B-FE8D-ED6A-C16C}</UniqueIdentifier>
    </Filter>
    <Filter Include="addons\ofxImGui-master\libs\imgui">
      <UniqueIdentifier>{932D7D6A-E133-8C0C-8AE5-1823}</UniqueIdentifier>
    </Filter>
    <Filter Include="addons\ofxImGui-master\libs\imgui\src">
      <UniqueIdentifier>{A1479D75-2495-EE49-73A3-A516}</UniqueIdentifier>
    </Filter>
    <Filter Include="addons\ofxSpout2-master">
      <UniqueIdentifier>{D9E38EC1-C4AB-73B8-DD52-6351}</UniqueIdentifier>
    </Filter>
    <Filter Include="addons\ofxSpout2-master\src">
      <UniqueIdentifier>{15A0DA79-2225-027B-4767-A351}</UniqueIdentifier>
    </Filter>
    <Filter Include="addons\ofxSpout2-master\libs">
      <UniqueIdentifier>{97FF837C-E13E-6E05-E747-962D}</UniqueIdentifier>
    </Filter>
    <Filter Include="addons\ofxSpout2-master\libs\include">
      <UniqueIdentifier>{BB971562-CA77-4ADF-6142-57E1}</UniqueIdentifier>
    </Filter>
    <Filter Include="addons\ofxSpout2-master\libs\src">
      <UniqueIdentifier>{742AA6D7-6309-835F-9E2D-2F15}</UniqueIdentifier>
    </Filter>
    <Filter Include="addons\ofxXmlSettings">
      <UniqueIdentifier>{877F005D-13E6-0592-1D97-F2E3}</UniqueIdentifier>
    </Filter>
    <Filter Include="addons\ofxXmlSettings\src">
      <UniqueIdentifier>{CCB2AC63-49D2-977C-CFE8-AEAD}</UniqueIdentifier>
    </Filter>
    <Filter Include="addons\ofxXmlSettings\libs">
      <UniqueIdentifier>{687714A8-1662-FA1C-261F-50F0}</UniqueIdentifier>
    </Filter>
  </ItemGroup>
  <ItemGroup>
    <ClInclude Include="src\ofApp.h">
      <Filter>src</Filter>
    </ClInclude>
    <ClInclude Include="src\ofApp.h">
      <Filter>src</Filter>
    </ClInclude>
    <ClInclude Include="..\..\..\addons\ofxGui\src\ofxBaseGui.h">
      <Filter>addons\ofxGui\src</Filter>
    </ClInclude>
    <ClInclude Include="..\..\..\addons\ofxGui\src\ofxButton.h">
      <Filter>addons\ofxGui\src</Filter>
    </ClInclude>
    <ClInclude Include="..\..\..\addons\ofxGui\src\ofxColorPicker.h">
      <Filter>addons\ofxGui\src</Filter>
    </ClInclude>
    <ClInclude Include="..\..\..\addons\ofxGui\src\ofxGui.h">
      <Filter>addons\ofxGui\src</Filter>
    </ClInclude>
    <ClInclude Include="..\..\..\addons\ofxGui\src\ofxGuiGroup.h">
      <Filter>addons\ofxGui\src</Filter>
    </ClInclude>
    <ClInclude Include="..\..\..\addons\ofxGui\src\ofxGuiUtils.h">
      <Filter>addons\ofxGui\src</Filter>
    </ClInclude>
    <ClInclude Include="..\..\..\addons\ofxGui\src\ofxInputField.h">
      <Filter>addons\ofxGui\src</Filter>
    </ClInclude>
    <ClInclude Include="..\..\..\addons\ofxGui\src\ofxLabel.h">
      <Filter>addons\ofxGui\src</Filter>
    </ClInclude>
    <ClInclude Include="..\..\..\addons\ofxGui\src\ofxPanel.h">
      <Filter>addons\ofxGui\src</Filter>
    </ClInclude>
    <ClInclude Include="..\..\..\addons\ofxGui\src\ofxSlider.h">
      <Filter>addons\ofxGui\src</Filter>
    </ClInclude>
    <ClInclude Include="..\..\..\addons\ofxGui\src\ofxSliderGroup.h">
      <Filter>addons\ofxGui\src</Filter>
    </ClInclude>
    <ClInclude Include="..\..\..\addons\ofxGui\src\ofxToggle.h">
      <Filter>addons\ofxGui\src</Filter>
    </ClInclude>
    <ClInclude Include="..\..\..\addons\ofxImGui-master\src\BaseEngine.h">
      <Filter>addons\ofxImGui-master\src</Filter>
    </ClInclude>
    <ClInclude Include="..\..\..\addons\ofxImGui-master\src\BaseTheme.h">
      <Filter>addons\ofxImGui-master\src</Filter>
    </ClInclude>
    <ClInclude Include="..\..\..\addons\ofxImGui-master\src\DefaultTheme.h">
      <Filter>addons\ofxImGui-master\src</Filter>
    </ClInclude>
    <ClInclude Include="..\..\..\addons\ofxImGui-master\src\EngineGLFW.h">
      <Filter>addons\ofxImGui-master\src</Filter>
    </ClInclude>
    <ClInclude Include="..\..\..\addons\ofxImGui-master\src\EngineOpenGLES.h">
      <Filter>addons\ofxImGui-master\src</Filter>
    </ClInclude>
    <ClInclude Include="..\..\..\addons\ofxImGui-master\src\EngineVk.h">
      <Filter>addons\ofxImGui-master\src</Filter>
    </ClInclude>
    <ClInclude Include="..\..\..\addons\ofxImGui-master\src\Gui.h">
      <Filter>addons\ofxImGui-master\src</Filter>
    </ClInclude>
    <ClInclude Include="..\..\..\addons\ofxImGui-master\src\imconfig.h">
      <Filter>addons\ofxImGui-master\src</Filter>
    </ClInclude>
    <ClInclude Include="..\..\..\addons\ofxImGui-master\src\ImHelpers.h">
      <Filter>addons\ofxImGui-master\src</Filter>
    </ClInclude>
    <ClInclude Include="..\..\..\addons\ofxImGui-master\src\ofxImGui.h">
      <Filter>addons\ofxImGui-master\src</Filter>
    </ClInclude>
    <ClInclude Include="..\..\..\addons\ofxImGui-master\src\ofxImGuiLoggerChannel.h">
      <Filter>addons\ofxImGui-master\src</Filter>
    </ClInclude>
    <ClInclude Include="..\..\..\addons\ofxImGui-master\libs\imgui\src\imgui.h">
      <Filter>addons\ofxImGui-master\libs\imgui\src</Filter>
    </ClInclude>
    <ClInclude Include="..\..\..\addons\ofxImGui-master\libs\imgui\src\imgui_internal.h">
      <Filter>addons\ofxImGui-master\libs\imgui\src</Filter>
    </ClInclude>
    <ClInclude Include="..\..\..\addons\ofxImGui-master\libs\imgui\src\imstb_rectpack.h">
      <Filter>addons\ofxImGui-master\libs\imgui\src</Filter>
    </ClInclude>
    <ClInclude Include="..\..\..\addons\ofxImGui-master\libs\imgui\src\imstb_textedit.h">
      <Filter>addons\ofxImGui-master\libs\imgui\src</Filter>
    </ClInclude>
    <ClInclude Include="..\..\..\addons\ofxImGui-master\libs\imgui\src\imstb_truetype.h">
      <Filter>addons\ofxImGui-master\libs\imgui\src</Filter>
    </ClInclude>
    <ClInclude Include="..\..\..\addons\ofxSpout2-master\src\ofxSpout2Receiver.h">
      <Filter>addons\ofxSpout2-master\src</Filter>
    </ClInclude>
    <ClInclude Include="..\..\..\addons\ofxSpout2-master\src\ofxSpout2Sender.h">
      <Filter>addons\ofxSpout2-master\src</Filter>
    </ClInclude>
    <ClInclude Include="..\..\..\addons\ofxSpout2-master\libs\include\Spout.h">
      <Filter>addons\ofxSpout2-master\libs\include</Filter>
    </ClInclude>
    <ClInclude Include="..\..\..\addons\ofxSpout2-master\libs\include\SpoutCommon.h">
      <Filter>addons\ofxSpout2-master\libs\include</Filter>
    </ClInclude>
    <ClInclude Include="..\..\..\addons\ofxSpout2-master\libs\include\SpoutDirectX.h">
      <Filter>addons\ofxSpout2-master\libs\include</Filter>
    </ClInclude>
    <ClInclude Include="..\..\..\addons\ofxSpout2-master\libs\include\SpoutGLDXinterop.h">
      <Filter>addons\ofxSpout2-master\libs\include</Filter>
    </ClInclude>
    <ClInclude Include="..\..\..\addons\ofxSpout2-master\libs\include\SpoutGLextensions.h">
      <Filter>addons\ofxSpout2-master\libs\include</Filter>
    </ClInclude>
    <ClInclude Include="..\..\..\addons\ofxSpout2-master\libs\include\SpoutMemoryShare.h">
      <Filter>addons\ofxSpout2-master\libs\include</Filter>
    </ClInclude>
    <ClInclude Include="..\..\..\addons\ofxSpout2-master\libs\include\SpoutReceiver.h">
      <Filter>addons\ofxSpout2-master\libs\include</Filter>
    </ClInclude>
    <ClInclude Include="..\..\..\addons\ofxSpout2-master\libs\include\SpoutSDK.h">
      <Filter>addons\ofxSpout2-master\libs\include</Filter>
    </ClInclude>
    <ClInclude Include="..\..\..\addons\ofxSpout2-master\libs\include\SpoutSender.h">
      <Filter>addons\ofxSpout2-master\libs\include</Filter>
    </ClInclude>
    <ClInclude Include="..\..\..\addons\ofxSpout2-master\libs\include\SpoutSenderNames.h">
      <Filter>addons\ofxSpout2-master\libs\include</Filter>
    </ClInclude>
    <ClInclude Include="..\..\..\addons\ofxSpout2-master\libs\include\SpoutSharedMemory.h">
      <Filter>addons\ofxSpout2-master\libs\include</Filter>
    </ClInclude>
    <ClInclude Include="..\..\..\addons\ofxXmlSettings\src\ofxXmlSettings.h">
      <Filter>addons\ofxXmlSettings\src</Filter>
    </ClInclude>
    <ClInclude Include="..\..\..\addons\ofxXmlSettings\libs\tinyxml.h">
      <Filter>addons\ofxXmlSettings\libs</Filter>
    </ClInclude>
    <ClInclude Include="resource.h" />
  </ItemGroup>
  <ItemGroup>
    <ResourceCompile Include="XaosLines.rc" />
  </ItemGroup>
  <ItemGroup>
    <Image Include="bin\data\icon.ico" />
  </ItemGroup>
</Project>